{
  "requires": true,
  "lockfileVersion": 1,
  "dependencies": {
    "commander": {
      "version": "2.20.3",
      "resolved": "https://registry.npmjs.org/commander/-/commander-2.20.3.tgz",
      "integrity": "sha512-GpVkmM8vF2vQUkj2LvZmD35JxeJOLCwJ9cUkugyk2nuhbv3+mJvpLYYt+0+USMxE+oj+ey/lJEnhZw75x/OMcQ=="
    },
    "dir-parser": {
      "version": "2.1.4",
      "resolved": "https://registry.npmjs.org/dir-parser/-/dir-parser-2.1.4.tgz",
      "integrity": "sha512-1caHhlz6X0CoZ1Xl0SLlKa/H+GVc1GfTwOfUZWLd7fR790IZmpV8lowhd9BoJIKp9oUA6QQERP2ac4m55SbTsQ==",
      "requires": {
        "commander": "^2.20.3",
        "funclib": "^6.0.1"
      }
    },
    "funclib": {
      "version": "6.0.5",
      "resolved": "https://registry.npmjs.org/funclib/-/funclib-6.0.5.tgz",
      "integrity": "sha512-auKw1w3V9gbBzfCb8z0iv6hwvHtEZKYFW5zIg+zJqyKTjSwINDLPKtQd/1Yn/lEG4p4lKWKePUuVZMqLsn/q4Q=="
    },
    "node": {
      "version": "16.6.1",
      "resolved": "https://registry.npmjs.org/node/-/node-16.6.1.tgz",
      "integrity": "sha512-qlIQ5vkAAMP+T1bYivwngIqZlUzerPSeaeAQVUvyQ2XZ8WN86ZUdzcpkW/iuEnP9paNcpAsA4p9yCsfrdjG7YQ==",
      "requires": {
        "node-bin-setup": "^1.0.0"
      }
    },
    "node-bin-setup": {
      "version": "1.0.6",
      "resolved": "https://registry.npmjs.org/node-bin-setup/-/node-bin-setup-1.0.6.tgz",
      "integrity": "sha512-uPIxXNis1CRbv1DwqAxkgBk5NFV3s7cMN/Gf556jSw6jBvV7ca4F9lRL/8cALcZecRibeqU+5dFYqFFmzv5a0Q=="
    }
  }
}
